
Microsoft Visual Studio Solution File, Format Version 12.00
# Visual Studio Version 17
VisualStudioVersion = 17.7.34031.279
MinimumVisualStudioVersion = 10.0.40219.1
Project("{FAE04EC0-301F-11D3-BF4B-00C04F79EFBC}") = "Clientes.Api", "Clientes.Api\Clientes.Api.csproj", "{47F7C357-10C9-43ED-95BD-B63859038814}"
EndProject
Project("{FAE04EC0-301F-11D3-BF4B-00C04F79EFBC}") = "Clientes.Tests", "Clientes.Tests\Clientes.Tests.csproj", "{6D914E92-02D5-47B7-A148-A94503C561EE}"
EndProject
Global
	GlobalSection(SolutionConfigurationPlatforms) = preSolution
		Debug|Any CPU = Debug|Any CPU
		Release|Any CPU = Release|Any CPU
	EndGlobalSection
	GlobalSection(ProjectConfigurationPlatforms) = postSolution
		{47F7C357-10C9-43ED-95BD-B63859038814}.Debug|Any CPU.ActiveCfg = Debug|Any CPU
		{47F7C357-10C9-43ED-95BD-B63859038814}.Debug|Any CPU.Build.0 = Debug|Any CPU
		{47F7C357-10C9-43ED-95BD-B63859038814}.Release|Any CPU.ActiveCfg = Release|Any CPU
		{47F7C357-10C9-43ED-95BD-B63859038814}.Release|Any CPU.Build.0 = Release|Any CPU
		{6D914E92-02D5-47B7-A148-A94503C561EE}.Debug|Any CPU.ActiveCfg = Debug|Any CPU
		{6D914E92-02D5-47B7-A148-A94503C561EE}.Debug|Any CPU.Build.0 = Debug|Any CPU
		{6D914E92-02D5-47B7-A148-A94503C561EE}.Release|Any CPU.ActiveCfg = Release|Any CPU
		{6D914E92-02D5-47B7-A148-A94503C561EE}.Release|Any CPU.Build.0 = Release|Any CPU
	EndGlobalSection
	GlobalSection(SolutionProperties) = preSolution
		HideSolutionNode = FALSE
	EndGlobalSection
	GlobalSection(ExtensibilityGlobals) = postSolution
		SolutionGuid = {005799EC-6150-44C4-9AB8-332AF168AEF5}
	EndGlobalSection
EndGlobal
